PODS:
  - Amplitude (8.16.3):
    - AnalyticsConnector (~> 1.0.0)
  - amplitude-react-native (2.17.2):
    - Amplitude (= 8.16.3)
    - React-Core
  - AnalyticsConnector (1.0.3)
  - appcenter-analytics (4.4.5):
    - AppCenter/Analytics (~> 4.0)
    - AppCenterReactNativeShared (~> 4.0)
    - React-Core
  - appcenter-core (4.4.5):
    - AppCenterReactNativeShared (~> 4.0)
    - React-Core
  - AppCenter/Analytics (4.4.3):
    - AppCenter/Core
  - AppCenter/Core (4.4.3)
  - AppCenterReactNativeShared (4.4.5):
    - AppCenter/Core (= 4.4.3)
  - Base64 (1.1.2)
  - BEMCheckBox (1.4.1)
  - boost (1.76.0)
  - BVLinearGradient (2.8.3):
    - React-Core
  - CodePush (8.0.2):
    - Base64 (~> 1.1)
    - JWT (~> 3.0.0-beta.12)
    - React-Core
    - SSZipArchive (~> 2.2.2)
  - DoubleConversion (1.1.6)
  - EXApplication (5.3.0):
    - ExpoModulesCore
  - EXBarCodeScanner (12.6.1):
    - EXImageLoader
    - ExpoModulesCore
    - ZXingObjC/OneD
    - ZXingObjC/PDF417
  - EXCamera (13.5.1):
    - ExpoModulesCore
  - EXConstants (14.5.1):
    - ExpoModulesCore
  - EXFileSystem (15.4.2):
    - ExpoModulesCore
  - EXFont (11.4.0):
    - ExpoModulesCore
  - EXImageLoader (4.3.0):
    - ExpoModulesCore
    - React-Core
  - EXLocation (16.3.0):
    - ExpoModulesCore
  - Expo (49.0.5):
    - ExpoModulesCore
  - ExpoAppleAuthentication (6.4.2):
    - ExpoModulesCore
  - ExpoBlur (12.8.0):
    - ExpoModulesCore
  - ExpoClipboard (4.3.0):
    - ExpoModulesCore
  - ExpoCrypto (12.4.1):
    - ExpoModulesCore
  - ExpoKeepAwake (12.3.0):
    - ExpoModulesCore
  - ExpoModulesCore (1.5.8):
    - RCT-Folly (= 2021.07.22.00)
    - React-Core
    - React-NativeModulesApple
    - React-RCTAppDelegate
    - ReactCommon/turbomodule/core
  - ExpoSecureStore (12.4.1):
    - ExpoModulesCore
  - ExpoWebBrowser (12.3.2):
    - ExpoModulesCore
  - EXSplashScreen (0.20.4):
    - ExpoModulesCore
    - RCT-Folly (= 2021.07.22.00)
    - React-Core
  - FBLazyVector (0.72.15)
  - FBReactNativeSpec (0.72.15):
    - RCT-Folly (= 2021.07.22.00)
    - RCTRequired (= 0.72.15)
    - RCTTypeSafety (= 0.72.15)
    - React-Core (= 0.72.15)
    - React-jsi (= 0.72.15)
    - ReactCommon/turbomodule/core (= 0.72.15)
  - fmt (6.2.1)
  - glog (0.3.5)
  - JWT (3.0.0-beta.14):
    - Base64 (~> 1.1.2)
  - libwebp (1.3.2):
    - libwebp/demux (= 1.3.2)
    - libwebp/mux (= 1.3.2)
    - libwebp/sharpyuv (= 1.3.2)
    - libwebp/webp (= 1.3.2)
  - libwebp/demux (1.3.2):
    - libwebp/webp
  - libwebp/mux (1.3.2):
    - libwebp/demux
  - libwebp/sharpyuv (1.3.2)
  - libwebp/webp (1.3.2):
    - libwebp/sharpyuv
  - lottie-ios (3.4.0)
  - lottie-react-native (5.1.6):
    - lottie-ios (~> 3.4.0)
    - React-Core
  - MultiplatformBleAdapter (0.1.9)
  - RCT-Folly (2021.07.22.00):
    - boost
    - DoubleConversion
    - fmt (~> 6.2.1)
    - glog
    - RCT-Folly/Default (= 2021.07.22.00)
  - RCT-Folly/Default (2021.07.22.00):
    - boost
    - DoubleConversion
    - fmt (~> 6.2.1)
    - glog
  - RCTRequired (0.72.15)
  - RCTTypeSafety (0.72.15):
    - FBLazyVector (= 0.72.15)
    - RCTRequired (= 0.72.15)
    - React-Core (= 0.72.15)
  - React (0.72.15):
    - React-Core (= 0.72.15)
    - React-Core/DevSupport (= 0.72.15)
    - React-Core/RCTWebSocket (= 0.72.15)
    - React-RCTActionSheet (= 0.72.15)
    - React-RCTAnimation (= 0.72.15)
    - React-RCTBlob (= 0.72.15)
    - React-RCTImage (= 0.72.15)
    - React-RCTLinking (= 0.72.15)
    - React-RCTNetwork (= 0.72.15)
    - React-RCTSettings (= 0.72.15)
    - React-RCTText (= 0.72.15)
    - React-RCTVibration (= 0.72.15)
  - React-callinvoker (0.72.15)
  - React-Codegen (0.72.15):
    - DoubleConversion
    - FBReactNativeSpec
    - glog
    - RCT-Folly
    - RCTRequired
    - RCTTypeSafety
    - React-Core
    - React-jsc
    - React-jsi
    - React-jsiexecutor
    - React-NativeModulesApple
    - React-rncore
    - ReactCommon/turbomodule/bridging
    - ReactCommon/turbomodule/core
  - React-Core (0.72.15):
    - glog
    - RCT-Folly (= 2021.07.22.00)
    - React-Core/Default (= 0.72.15)
    - React-cxxreact
    - React-jsc
    - React-jsi
    - React-jsiexecutor
    - React-perflogger
    - React-runtimeexecutor
    - React-utils
    - SocketRocket (= 0.6.1)
    - Yoga
  - React-Core/CoreModulesHeaders (0.72.15):
    - glog
    - RCT-Folly (= 2021.07.22.00)
    - React-Core/Default
    - React-cxxreact
    - React-jsc
    - React-jsi
    - React-jsiexecutor
    - React-perflogger
    - React-runtimeexecutor
    - React-utils
    - SocketRocket (= 0.6.1)
    - Yoga
  - React-Core/Default (0.72.15):
    - glog
    - RCT-Folly (= 2021.07.22.00)
    - React-cxxreact
    - React-jsc
    - React-jsi
    - React-jsiexecutor
    - React-perflogger
    - React-runtimeexecutor
    - React-utils
    - SocketRocket (= 0.6.1)
    - Yoga
  - React-Core/DevSupport (0.72.15):
    - glog
    - RCT-Folly (= 2021.07.22.00)
    - React-Core/Default (= 0.72.15)
    - React-Core/RCTWebSocket (= 0.72.15)
    - React-cxxreact
    - React-jsc
    - React-jsi
    - React-jsiexecutor
    - React-jsinspector (= 0.72.15)
    - React-perflogger
    - React-runtimeexecutor
    - React-utils
    - SocketRocket (= 0.6.1)
    - Yoga
  - React-Core/RCTActionSheetHeaders (0.72.15):
    - glog
    - RCT-Folly (= 2021.07.22.00)
    - React-Core/Default
    - React-cxxreact
    - React-jsc
    - React-jsi
    - React-jsiexecutor
    - React-perflogger
    - React-runtimeexecutor
    - React-utils
    - SocketRocket (= 0.6.1)
    - Yoga
  - React-Core/RCTAnimationHeaders (0.72.15):
    - glog
    - RCT-Folly (= 2021.07.22.00)
    - React-Core/Default
    - React-cxxreact
    - React-jsc
    - React-jsi
    - React-jsiexecutor
    - React-perflogger
    - React-runtimeexecutor
    - React-utils
    - SocketRocket (= 0.6.1)
    - Yoga
  - React-Core/RCTBlobHeaders (0.72.15):
    - glog
    - RCT-Folly (= 2021.07.22.00)
    - React-Core/Default
    - React-cxxreact
    - React-jsc
    - React-jsi
    - React-jsiexecutor
    - React-perflogger
    - React-runtimeexecutor
    - React-utils
    - SocketRocket (= 0.6.1)
    - Yoga
  - React-Core/RCTImageHeaders (0.72.15):
    - glog
    - RCT-Folly (= 2021.07.22.00)
    - React-Core/Default
    - React-cxxreact
    - React-jsc
    - React-jsi
    - React-jsiexecutor
    - React-perflogger
    - React-runtimeexecutor
    - React-utils
    - SocketRocket (= 0.6.1)
    - Yoga
  - React-Core/RCTLinkingHeaders (0.72.15):
    - glog
    - RCT-Folly (= 2021.07.22.00)
    - React-Core/Default
    - React-cxxreact
    - React-jsc
    - React-jsi
    - React-jsiexecutor
    - React-perflogger
    - React-runtimeexecutor
    - React-utils
    - SocketRocket (= 0.6.1)
    - Yoga
  - React-Core/RCTNetworkHeaders (0.72.15):
    - glog
    - RCT-Folly (= 2021.07.22.00)
    - React-Core/Default
    - React-cxxreact
    - React-jsc
    - React-jsi
    - React-jsiexecutor
    - React-perflogger
    - React-runtimeexecutor
    - React-utils
    - SocketRocket (= 0.6.1)
    - Yoga
  - React-Core/RCTSettingsHeaders (0.72.15):
    - glog
    - RCT-Folly (= 2021.07.22.00)
    - React-Core/Default
    - React-cxxreact
    - React-jsc
    - React-jsi
    - React-jsiexecutor
    - React-perflogger
    - React-runtimeexecutor
    - React-utils
    - SocketRocket (= 0.6.1)
    - Yoga
  - React-Core/RCTTextHeaders (0.72.15):
    - glog
    - RCT-Folly (= 2021.07.22.00)
    - React-Core/Default
    - React-cxxreact
    - React-jsc
    - React-jsi
    - React-jsiexecutor
    - React-perflogger
    - React-runtimeexecutor
    - React-utils
    - SocketRocket (= 0.6.1)
    - Yoga
  - React-Core/RCTVibrationHeaders (0.72.15):
    - glog
    - RCT-Folly (= 2021.07.22.00)
    - React-Core/Default
    - React-cxxreact
    - React-jsc
    - React-jsi
    - React-jsiexecutor
    - React-perflogger
    - React-runtimeexecutor
    - React-utils
    - SocketRocket (= 0.6.1)
    - Yoga
  - React-Core/RCTWebSocket (0.72.15):
    - glog
    - RCT-Folly (= 2021.07.22.00)
    - React-Core/Default (= 0.72.15)
    - React-cxxreact
    - React-jsc
    - React-jsi
    - React-jsiexecutor
    - React-perflogger
    - React-runtimeexecutor
    - React-utils
    - SocketRocket (= 0.6.1)
    - Yoga
  - React-CoreModules (0.72.15):
    - RCT-Folly (= 2021.07.22.00)
    - RCTTypeSafety (= 0.72.15)
    - React-Codegen (= 0.72.15)
    - React-Core/CoreModulesHeaders (= 0.72.15)
    - React-jsi (= 0.72.15)
    - React-RCTBlob
    - React-RCTImage (= 0.72.15)
    - ReactCommon/turbomodule/core (= 0.72.15)
    - SocketRocket (= 0.6.1)
  - React-cxxreact (0.72.15):
    - boost (= 1.76.0)
    - DoubleConversion
    - glog
    - RCT-Folly (= 2021.07.22.00)
    - React-callinvoker (= 0.72.15)
    - React-debug (= 0.72.15)
    - React-jsi (= 0.72.15)
    - React-jsinspector (= 0.72.15)
    - React-logger (= 0.72.15)
    - React-perflogger (= 0.72.15)
    - React-runtimeexecutor (= 0.72.15)
  - React-debug (0.72.15)
  - React-jsc (0.72.15):
    - React-jsc/Fabric (= 0.72.15)
    - React-jsi (= 0.72.15)
  - React-jsc/Fabric (0.72.15):
    - React-jsi (= 0.72.15)
  - React-jsi (0.72.15):
    - boost (= 1.76.0)
    - DoubleConversion
    - glog
    - RCT-Folly (= 2021.07.22.00)
  - React-jsiexecutor (0.72.15):
    - DoubleConversion
    - glog
    - RCT-Folly (= 2021.07.22.00)
    - React-cxxreact (= 0.72.15)
    - React-jsi (= 0.72.15)
    - React-perflogger (= 0.72.15)
  - React-jsinspector (0.72.15)
  - React-logger (0.72.15):
    - glog
  - react-native-ble-plx (2.0.3):
    - MultiplatformBleAdapter (= 0.1.9)
    - React-Core
  - react-native-blur (4.3.2):
    - React-Core
  - react-native-linear-gradient-text (1.2.8):
    - RCT-Folly (= 2021.07.22.00)
    - React-Core
  - react-native-netinfo (9.4.1):
    - React-Core
  - react-native-safe-area-context (4.7.1):
    - React-Core
  - react-native-webview (13.3.0):
    - React-Core
  - React-NativeModulesApple (0.72.15):
    - React-callinvoker
    - React-Core
    - React-cxxreact
    - React-jsi
    - React-runtimeexecutor
    - ReactCommon/turbomodule/bridging
    - ReactCommon/turbomodule/core
  - React-perflogger (0.72.15)
  - React-RCTActionSheet (0.72.15):
    - React-Core/RCTActionSheetHeaders (= 0.72.15)
  - React-RCTAnimation (0.72.15):
    - RCT-Folly (= 2021.07.22.00)
    - RCTTypeSafety (= 0.72.15)
    - React-Codegen (= 0.72.15)
    - React-Core/RCTAnimationHeaders (= 0.72.15)
    - React-jsi (= 0.72.15)
    - ReactCommon/turbomodule/core (= 0.72.15)
  - React-RCTAppDelegate (0.72.15):
    - RCT-Folly
    - RCTRequired
    - RCTTypeSafety
    - React-Core
    - React-CoreModules
    - React-jsc
    - React-NativeModulesApple
    - React-RCTImage
    - React-RCTNetwork
    - React-runtimescheduler
    - ReactCommon/turbomodule/core
  - React-RCTBlob (0.72.15):
    - RCT-Folly (= 2021.07.22.00)
    - React-Codegen (= 0.72.15)
    - React-Core/RCTBlobHeaders (= 0.72.15)
    - React-Core/RCTWebSocket (= 0.72.15)
    - React-jsi (= 0.72.15)
    - React-RCTNetwork (= 0.72.15)
    - ReactCommon/turbomodule/core (= 0.72.15)
  - React-RCTImage (0.72.15):
    - RCT-Folly (= 2021.07.22.00)
    - RCTTypeSafety (= 0.72.15)
    - React-Codegen (= 0.72.15)
    - React-Core/RCTImageHeaders (= 0.72.15)
    - React-jsi (= 0.72.15)
    - React-RCTNetwork (= 0.72.15)
    - ReactCommon/turbomodule/core (= 0.72.15)
  - React-RCTLinking (0.72.15):
    - React-Codegen (= 0.72.15)
    - React-Core/RCTLinkingHeaders (= 0.72.15)
    - React-jsi (= 0.72.15)
    - ReactCommon/turbomodule/core (= 0.72.15)
  - React-RCTNetwork (0.72.15):
    - RCT-Folly (= 2021.07.22.00)
    - RCTTypeSafety (= 0.72.15)
    - React-Codegen (= 0.72.15)
    - React-Core/RCTNetworkHeaders (= 0.72.15)
    - React-jsi (= 0.72.15)
    - ReactCommon/turbomodule/core (= 0.72.15)
  - React-RCTSettings (0.72.15):
    - RCT-Folly (= 2021.07.22.00)
    - RCTTypeSafety (= 0.72.15)
    - React-Codegen (= 0.72.15)
    - React-Core/RCTSettingsHeaders (= 0.72.15)
    - React-jsi (= 0.72.15)
    - ReactCommon/turbomodule/core (= 0.72.15)
  - React-RCTText (0.72.15):
    - React-Core/RCTTextHeaders (= 0.72.15)
  - React-RCTVibration (0.72.15):
    - RCT-Folly (= 2021.07.22.00)
    - React-Codegen (= 0.72.15)
    - React-Core/RCTVibrationHeaders (= 0.72.15)
    - React-jsi (= 0.72.15)
    - ReactCommon/turbomodule/core (= 0.72.15)
  - React-rncore (0.72.15)
  - React-runtimeexecutor (0.72.15):
    - React-jsi (= 0.72.15)
  - React-runtimescheduler (0.72.15):
    - glog
    - RCT-Folly (= 2021.07.22.00)
    - React-callinvoker
    - React-debug
    - React-jsi
    - React-runtimeexecutor
  - React-utils (0.72.15):
    - glog
    - RCT-Folly (= 2021.07.22.00)
    - React-debug
  - ReactCommon/turbomodule/bridging (0.72.15):
    - DoubleConversion
    - glog
    - RCT-Folly (= 2021.07.22.00)
    - React-callinvoker (= 0.72.15)
    - React-cxxreact (= 0.72.15)
    - React-jsi (= 0.72.15)
    - React-logger (= 0.72.15)
    - React-perflogger (= 0.72.15)
  - ReactCommon/turbomodule/core (0.72.15):
    - DoubleConversion
    - glog
    - RCT-Folly (= 2021.07.22.00)
    - React-callinvoker (= 0.72.15)
    - React-cxxreact (= 0.72.15)
    - React-jsi (= 0.72.15)
    - React-logger (= 0.72.15)
    - React-perflogger (= 0.72.15)
  - RNCAsyncStorage (1.19.1):
    - React-Core
  - RNCCheckbox (0.5.17):
    - BEMCheckBox (~> 1.4)
    - React-Core
  - RNCMaskedView (0.3.1):
    - React-Core
  - RNDeviceInfo (10.8.0):
    - React-Core
  - RNFastImage (8.6.3):
    - React-Core
    - SDWebImage (~> 5.11.1)
    - SDWebImageWebPCoder (~> 0.8.4)
  - RNFS (2.20.0):
    - React-Core
  - RNGestureHandler (2.12.0):
    - React-Core
  - RNKeychain (8.1.1):
    - React-Core
  - RNLocalize (3.0.2):
    - React-Core
  - RNReanimated (3.15.0):
    - RCT-Folly (= 2021.07.22.00)
    - React-Core
    - ReactCommon/turbomodule/core
    - RNReanimated/reanimated (= 3.15.0)
    - RNReanimated/worklets (= 3.15.0)
  - RNReanimated/reanimated (3.15.0):
    - RCT-Folly (= 2021.07.22.00)
    - React-Core
    - ReactCommon/turbomodule/core
  - RNReanimated/worklets (3.15.0):
    - RCT-Folly (= 2021.07.22.00)
    - React-Core
    - ReactCommon/turbomodule/core
  - RNScreens (3.23.0):
    - React-Core
    - React-RCTImage
  - RNScrypt (1.2.1):
    - React
  - RNSentry (5.32.0):
    - RCT-Folly (= 2021.07.22.00)
    - React-Core
    - Sentry/HybridSDK (= 8.36.0)
  - RNSVG (13.10.0):
    - React-Core
  - SDWebImage (5.11.1):
    - SDWebImage/Core (= 5.11.1)
  - SDWebImage/Core (5.11.1)
  - SDWebImageWebPCoder (0.8.5):
    - libwebp (~> 1.0)
    - SDWebImage/Core (~> 5.10)
  - Sentry/HybridSDK (8.36.0)
  - SocketRocket (0.6.1)
  - SSZipArchive (2.2.3)
  - Yoga (1.14.0)
  - ZXingObjC/Core (3.6.9)
  - ZXingObjC/OneD (3.6.9):
    - ZXingObjC/Core
  - ZXingObjC/PDF417 (3.6.9):
    - ZXingObjC/Core

DEPENDENCIES:
  - "amplitude-react-native (from `../node_modules/@amplitude/react-native`)"
  - appcenter-analytics (from `../node_modules/appcenter-analytics`)
  - appcenter-core (from `../node_modules/appcenter`)
  - boost (from `../node_modules/react-native/third-party-podspecs/boost.podspec`)
  - BVLinearGradient (from `../node_modules/react-native-linear-gradient`)
  - CodePush (from `../node_modules/react-native-code-push`)
  - DoubleConversion (from `../node_modules/react-native/third-party-podspecs/DoubleConversion.podspec`)
  - EXApplication (from `../node_modules/expo-application/ios`)
  - EXBarCodeScanner (from `../node_modules/expo-barcode-scanner/ios`)
  - EXCamera (from `../node_modules/expo-camera/ios`)
  - EXConstants (from `../node_modules/expo-constants/ios`)
  - EXFileSystem (from `../node_modules/expo-file-system/ios`)
  - EXFont (from `../node_modules/expo-font/ios`)
  - EXImageLoader (from `../node_modules/expo-image-loader/ios`)
  - EXLocation (from `../node_modules/expo-location/ios`)
  - Expo (from `../node_modules/expo`)
  - ExpoAppleAuthentication (from `../node_modules/expo-apple-authentication/ios`)
  - ExpoBlur (from `../node_modules/expo-blur/ios`)
  - ExpoClipboard (from `../node_modules/expo-clipboard/ios`)
  - ExpoCrypto (from `../node_modules/expo-crypto/ios`)
  - ExpoKeepAwake (from `../node_modules/expo-keep-awake/ios`)
  - ExpoModulesCore (from `../node_modules/expo-modules-core`)
  - ExpoSecureStore (from `../node_modules/expo-secure-store/ios`)
  - ExpoWebBrowser (from `../node_modules/expo-web-browser/ios`)
  - EXSplashScreen (from `../node_modules/expo-splash-screen/ios`)
  - FBLazyVector (from `../node_modules/react-native/Libraries/FBLazyVector`)
  - FBReactNativeSpec (from `../node_modules/react-native/React/FBReactNativeSpec`)
  - glog (from `../node_modules/react-native/third-party-podspecs/glog.podspec`)
  - lottie-ios (from `../node_modules/lottie-ios`)
  - lottie-react-native (from `../node_modules/lottie-react-native`)
  - RCT-Folly (from `../node_modules/react-native/third-party-podspecs/RCT-Folly.podspec`)
  - RCTRequired (from `../node_modules/react-native/Libraries/RCTRequired`)
  - RCTTypeSafety (from `../node_modules/react-native/Libraries/TypeSafety`)
  - React (from `../node_modules/react-native/`)
  - React-callinvoker (from `../node_modules/react-native/ReactCommon/callinvoker`)
  - React-Codegen (from `build/generated/ios`)
  - React-Core (from `../node_modules/react-native/`)
  - React-Core/RCTWebSocket (from `../node_modules/react-native/`)
  - React-CoreModules (from `../node_modules/react-native/React/CoreModules`)
  - React-cxxreact (from `../node_modules/react-native/ReactCommon/cxxreact`)
  - React-debug (from `../node_modules/react-native/ReactCommon/react/debug`)
  - React-jsc (from `../node_modules/react-native/ReactCommon/jsc`)
  - React-jsi (from `../node_modules/react-native/ReactCommon/jsi`)
  - React-jsiexecutor (from `../node_modules/react-native/ReactCommon/jsiexecutor`)
  - React-jsinspector (from `../node_modules/react-native/ReactCommon/jsinspector`)
  - React-logger (from `../node_modules/react-native/ReactCommon/logger`)
  - react-native-ble-plx (from `../node_modules/react-native-ble-plx`)
  - "react-native-blur (from `../node_modules/@react-native-community/blur`)"
  - react-native-linear-gradient-text (from `../node_modules/react-native-linear-gradient-text`)
  - "react-native-netinfo (from `../node_modules/@react-native-community/netinfo`)"
  - react-native-safe-area-context (from `../node_modules/react-native-safe-area-context`)
  - react-native-webview (from `../node_modules/react-native-webview`)
  - React-NativeModulesApple (from `../node_modules/react-native/ReactCommon/react/nativemodule/core/platform/ios`)
  - React-perflogger (from `../node_modules/react-native/ReactCommon/reactperflogger`)
  - React-RCTActionSheet (from `../node_modules/react-native/Libraries/ActionSheetIOS`)
  - React-RCTAnimation (from `../node_modules/react-native/Libraries/NativeAnimation`)
  - React-RCTAppDelegate (from `../node_modules/react-native/Libraries/AppDelegate`)
  - React-RCTBlob (from `../node_modules/react-native/Libraries/Blob`)
  - React-RCTImage (from `../node_modules/react-native/Libraries/Image`)
  - React-RCTLinking (from `../node_modules/react-native/Libraries/LinkingIOS`)
  - React-RCTNetwork (from `../node_modules/react-native/Libraries/Network`)
  - React-RCTSettings (from `../node_modules/react-native/Libraries/Settings`)
  - React-RCTText (from `../node_modules/react-native/Libraries/Text`)
  - React-RCTVibration (from `../node_modules/react-native/Libraries/Vibration`)
  - React-rncore (from `../node_modules/react-native/ReactCommon`)
  - React-runtimeexecutor (from `../node_modules/react-native/ReactCommon/runtimeexecutor`)
  - React-runtimescheduler (from `../node_modules/react-native/ReactCommon/react/renderer/runtimescheduler`)
  - React-utils (from `../node_modules/react-native/ReactCommon/react/utils`)
  - ReactCommon/turbomodule/core (from `../node_modules/react-native/ReactCommon`)
  - "RNCAsyncStorage (from `../node_modules/@react-native-async-storage/async-storage`)"
  - "RNCCheckbox (from `../node_modules/@react-native-community/checkbox`)"
  - "RNCMaskedView (from `../node_modules/@react-native-masked-view/masked-view`)"
  - RNDeviceInfo (from `../node_modules/react-native-device-info`)
  - RNFastImage (from `../node_modules/react-native-fast-image`)
  - RNFS (from `../node_modules/react-native-fs`)
  - RNGestureHandler (from `../node_modules/react-native-gesture-handler`)
  - RNKeychain (from `../node_modules/react-native-keychain`)
  - RNLocalize (from `../node_modules/react-native-localize`)
  - RNReanimated (from `../node_modules/react-native-reanimated`)
  - RNScreens (from `../node_modules/react-native-screens`)
  - RNScrypt (from `../node_modules/react-native-scrypt`)
  - "RNSentry (from `../node_modules/@sentry/react-native`)"
  - RNSVG (from `../node_modules/react-native-svg`)
  - Yoga (from `../node_modules/react-native/ReactCommon/yoga`)

SPEC REPOS:
  trunk:
    - Amplitude
    - AnalyticsConnector
    - AppCenter
    - AppCenterReactNativeShared
    - Base64
    - BEMCheckBox
    - fmt
    - JWT
    - libwebp
    - MultiplatformBleAdapter
    - SDWebImage
    - SDWebImageWebPCoder
    - Sentry
    - SocketRocket
    - SSZipArchive
    - ZXingObjC

EXTERNAL SOURCES:
  amplitude-react-native:
    :path: "../node_modules/@amplitude/react-native"
  appcenter-analytics:
    :path: "../node_modules/appcenter-analytics"
  appcenter-core:
    :path: "../node_modules/appcenter"
  boost:
    :podspec: "../node_modules/react-native/third-party-podspecs/boost.podspec"
  BVLinearGradient:
    :path: "../node_modules/react-native-linear-gradient"
  CodePush:
    :path: "../node_modules/react-native-code-push"
  DoubleConversion:
    :podspec: "../node_modules/react-native/third-party-podspecs/DoubleConversion.podspec"
  EXApplication:
    :path: "../node_modules/expo-application/ios"
  EXBarCodeScanner:
    :path: "../node_modules/expo-barcode-scanner/ios"
  EXCamera:
    :path: "../node_modules/expo-camera/ios"
  EXConstants:
    :path: "../node_modules/expo-constants/ios"
  EXFileSystem:
    :path: "../node_modules/expo-file-system/ios"
  EXFont:
    :path: "../node_modules/expo-font/ios"
  EXImageLoader:
    :path: "../node_modules/expo-image-loader/ios"
  EXLocation:
    :path: "../node_modules/expo-location/ios"
  Expo:
    :path: "../node_modules/expo"
  ExpoAppleAuthentication:
    :path: "../node_modules/expo-apple-authentication/ios"
  ExpoBlur:
    :path: "../node_modules/expo-blur/ios"
  ExpoClipboard:
    :path: "../node_modules/expo-clipboard/ios"
  ExpoCrypto:
    :path: "../node_modules/expo-crypto/ios"
  ExpoKeepAwake:
    :path: "../node_modules/expo-keep-awake/ios"
  ExpoModulesCore:
    :path: "../node_modules/expo-modules-core"
  ExpoSecureStore:
    :path: "../node_modules/expo-secure-store/ios"
  ExpoWebBrowser:
    :path: "../node_modules/expo-web-browser/ios"
  EXSplashScreen:
    :path: "../node_modules/expo-splash-screen/ios"
  FBLazyVector:
    :path: "../node_modules/react-native/Libraries/FBLazyVector"
  FBReactNativeSpec:
    :path: "../node_modules/react-native/React/FBReactNativeSpec"
  glog:
    :podspec: "../node_modules/react-native/third-party-podspecs/glog.podspec"
  lottie-ios:
    :path: "../node_modules/lottie-ios"
  lottie-react-native:
    :path: "../node_modules/lottie-react-native"
  RCT-Folly:
    :podspec: "../node_modules/react-native/third-party-podspecs/RCT-Folly.podspec"
  RCTRequired:
    :path: "../node_modules/react-native/Libraries/RCTRequired"
  RCTTypeSafety:
    :path: "../node_modules/react-native/Libraries/TypeSafety"
  React:
    :path: "../node_modules/react-native/"
  React-callinvoker:
    :path: "../node_modules/react-native/ReactCommon/callinvoker"
  React-Codegen:
    :path: build/generated/ios
  React-Core:
    :path: "../node_modules/react-native/"
  React-CoreModules:
    :path: "../node_modules/react-native/React/CoreModules"
  React-cxxreact:
    :path: "../node_modules/react-native/ReactCommon/cxxreact"
  React-debug:
    :path: "../node_modules/react-native/ReactCommon/react/debug"
  React-jsc:
    :path: "../node_modules/react-native/ReactCommon/jsc"
  React-jsi:
    :path: "../node_modules/react-native/ReactCommon/jsi"
  React-jsiexecutor:
    :path: "../node_modules/react-native/ReactCommon/jsiexecutor"
  React-jsinspector:
    :path: "../node_modules/react-native/ReactCommon/jsinspector"
  React-logger:
    :path: "../node_modules/react-native/ReactCommon/logger"
  react-native-ble-plx:
    :path: "../node_modules/react-native-ble-plx"
  react-native-blur:
    :path: "../node_modules/@react-native-community/blur"
  react-native-linear-gradient-text:
    :path: "../node_modules/react-native-linear-gradient-text"
  react-native-netinfo:
    :path: "../node_modules/@react-native-community/netinfo"
  react-native-safe-area-context:
    :path: "../node_modules/react-native-safe-area-context"
  react-native-webview:
    :path: "../node_modules/react-native-webview"
  React-NativeModulesApple:
    :path: "../node_modules/react-native/ReactCommon/react/nativemodule/core/platform/ios"
  React-perflogger:
    :path: "../node_modules/react-native/ReactCommon/reactperflogger"
  React-RCTActionSheet:
    :path: "../node_modules/react-native/Libraries/ActionSheetIOS"
  React-RCTAnimation:
    :path: "../node_modules/react-native/Libraries/NativeAnimation"
  React-RCTAppDelegate:
    :path: "../node_modules/react-native/Libraries/AppDelegate"
  React-RCTBlob:
    :path: "../node_modules/react-native/Libraries/Blob"
  React-RCTImage:
    :path: "../node_modules/react-native/Libraries/Image"
  React-RCTLinking:
    :path: "../node_modules/react-native/Libraries/LinkingIOS"
  React-RCTNetwork:
    :path: "../node_modules/react-native/Libraries/Network"
  React-RCTSettings:
    :path: "../node_modules/react-native/Libraries/Settings"
  React-RCTText:
    :path: "../node_modules/react-native/Libraries/Text"
  React-RCTVibration:
    :path: "../node_modules/react-native/Libraries/Vibration"
  React-rncore:
    :path: "../node_modules/react-native/ReactCommon"
  React-runtimeexecutor:
    :path: "../node_modules/react-native/ReactCommon/runtimeexecutor"
  React-runtimescheduler:
    :path: "../node_modules/react-native/ReactCommon/react/renderer/runtimescheduler"
  React-utils:
    :path: "../node_modules/react-native/ReactCommon/react/utils"
  ReactCommon:
    :path: "../node_modules/react-native/ReactCommon"
  RNCAsyncStorage:
    :path: "../node_modules/@react-native-async-storage/async-storage"
  RNCCheckbox:
    :path: "../node_modules/@react-native-community/checkbox"
  RNCMaskedView:
    :path: "../node_modules/@react-native-masked-view/masked-view"
  RNDeviceInfo:
    :path: "../node_modules/react-native-device-info"
  RNFastImage:
    :path: "../node_modules/react-native-fast-image"
  RNFS:
    :path: "../node_modules/react-native-fs"
  RNGestureHandler:
    :path: "../node_modules/react-native-gesture-handler"
  RNKeychain:
    :path: "../node_modules/react-native-keychain"
  RNLocalize:
    :path: "../node_modules/react-native-localize"
  RNReanimated:
    :path: "../node_modules/react-native-reanimated"
  RNScreens:
    :path: "../node_modules/react-native-screens"
  RNScrypt:
    :path: "../node_modules/react-native-scrypt"
  RNSentry:
    :path: "../node_modules/@sentry/react-native"
  RNSVG:
    :path: "../node_modules/react-native-svg"
  Yoga:
    :path: "../node_modules/react-native/ReactCommon/yoga"

SPEC CHECKSUMS:
  Amplitude: 10f20d4436fdcd38ddd5be1da7033fcc21f4143e
  amplitude-react-native: 31547517af995bb7e18052580ce3bad6907bd39e
  AnalyticsConnector: a53214d38ae22734c6266106c0492b37832633a9
  AppCenter: 3fd04aa1b166e16fdb03ec81dabe488aece83fbd
  appcenter-analytics: 3c06d292afa81fdbf4f48790007e189d01e77d3b
  appcenter-core: 69deb1f6818d1e489fa36ad1be543b50bb81aebf
  AppCenterReactNativeShared: f395caeabde0dc3a11609dbcb737d0f14cd40e79
  Base64: cecfb41a004124895a7bcee567a89bae5a89d49b
  BEMCheckBox: 5ba6e37ade3d3657b36caecc35c8b75c6c2b1a4e
  boost: 7dcd2de282d72e344012f7d6564d024930a6a440
  BVLinearGradient: cb006ba232a1f3e4f341bb62c42d1098c284da70
  CodePush: 3e3003b55a7b1956021250cf43163efc63926132
  DoubleConversion: 5189b271737e1565bdce30deb4a08d647e3f5f54
  EXApplication: a38b05670c49d81d0fe0c8b9dc119d568000f3b9
  EXBarCodeScanner: f516211cac0f8530d4e9246cb2ebfbc7adbfe58e
  EXCamera: 1d5d9112081055577ddd0b587cc3322528f8b53c
  EXConstants: d1cf429bf70fa335a73417b5160c92d727ea467c
  EXFileSystem: bff246197140a683de8874e30c61b857c7750e0d
  EXFont: aa39b3f790e2b3188986ac5e8684cf6003c00a18
  EXImageLoader: 2c79db9355756be7494a2257648235ee47dc0f9c
  EXLocation: ba79521b873dd91b2fa935d027723a0d3c1f95d0
  Expo: 2dd3330a16ecb6a3632f298d563dd0c30bc33855
  ExpoAppleAuthentication: 8a661b6f4936affafd830f983ac22463c936dad5
  ExpoBlur: 08a62bac745873bb72e7403896551726df115ccd
  ExpoClipboard: ba10c66f1cef01e1ac13100f0808a54068aea760
  ExpoCrypto: e0714ca676dc875ee772802cf20bcea6ec75c3e7
  ExpoKeepAwake: 8ab1087501f5ccb91146447756b787575b13f13e
  ExpoModulesCore: 2cf9ff822208b714143eecdc7cc3d8df606e4d10
  ExpoSecureStore: 0edc5688f16a10a1b0efa29ab191a7d89b97a2fd
  ExpoWebBrowser: 025c51f93c6a04beb169388877918de64ccae171
  EXSplashScreen: ca1bb631dff1b35ff8527a9ee800a41d0999fe7a
  FBLazyVector: 25cbffbaec517695d376ab4bc428948cd0f08088
  FBReactNativeSpec: e03b22fbf7017a6f76641ea4472e73c915dcdda7
  fmt: ff9d55029c625d3757ed641535fd4a75fedc7ce9
  glog: 04b94705f318337d7ead9e6d17c019bd9b1f6b1b
  JWT: ef71dfb03e1f842081e64dc42eef0e164f35d251
  libwebp: 1786c9f4ff8a279e4dac1e8f385004d5fc253009
  lottie-ios: 69495122151a378fdc7d1bb4c5930347e37baf1f
  lottie-react-native: 5d89c05930d4180a1e39b1757d46e6c0eec90255
  MultiplatformBleAdapter: 5a6a897b006764392f9cef785e4360f54fb9477d
  RCT-Folly: 8dc08ca5a393b48b1c523ab6220dfdcc0fe000ad
  RCTRequired: fb207f74935626041e7308c9e88dcdda680f1073
  RCTTypeSafety: 146fd11361680250b7580dd1f7f601995cfad1b1
  React: f3712351445cc96ba507425675a0cd8d31321d0c
  React-callinvoker: dcc51a66e02d20a70aeca2abbb1388d4d3011bf8
  React-Codegen: ef431087b06572288cd0f789c9cf1d22b37c3019
  React-Core: 88bf9e0d862195fda28723fd95aef3111025f300
  React-CoreModules: 96a557c45f6be644a82d63066c4ac79173bba0ff
  React-cxxreact: 3db957f2a0db039b95c1103ea2274e36815b8009
  React-debug: 4e90d08c78aa207c064a3860e1540ff252695585
  React-jsc: 9ffa4c837c5286366d27c892b6c7c34da3cd5f3d
  React-jsi: 08cb162e1d192bf197bc0693270ab65d8e9d4d5c
  React-jsiexecutor: b71b576b4447d9fed6f2f1b146550de70d49a75a
  React-jsinspector: b86a8abae760c28d69366bbc1d991561e51341ed
  React-logger: 8c0f8173197ad28ac3212c18f8141690209dfe52
  react-native-ble-plx: 2dd8780ee8d34c60399aaa897249ed1860ebef10
  react-native-blur: c91c10c67be1f096415e63925640baa59e2132d2
  react-native-linear-gradient-text: f31d139238b43c1c7db6c3b6a54b1fdfb2fb0137
  react-native-netinfo: 58a62fc2fc7245875718b99ac9914c307e1523ca
  react-native-safe-area-context: 8745463257fac6150abd2281b02de640b3595ec7
  react-native-webview: acea6ec36cdb651fa193cdf690798bf0a587b5fb
  React-NativeModulesApple: ee6c836571c874dc879cf87603edff00d8dded46
  React-perflogger: 6acc671f527e69c0cd93b8e62821d33d3ddf25ca
  React-RCTActionSheet: 569bb9db46d85565d14697e15ecf2166e035eb07
  React-RCTAnimation: 0eea98143c2938a8751a33722623d3e8a38fe1e4
  React-RCTAppDelegate: 11e6d38c00a34e1025b9ef26bb13968f6d9ed902
  React-RCTBlob: 9b3b60e806ce5c9fe5a8ee449f3e41087617441c
  React-RCTImage: 0220975422a367e784dfd794adfc6454fab23c1f
  React-RCTLinking: 1abf9834017e080ecbd5b6a28b4fb15eb843a3dd
  React-RCTNetwork: 5ed275bf87d97a7ba5218cf245b1f103e96f82cd
  React-RCTSettings: 1d070387f01b3b01543fb2a4ef867ad0004f6a78
  React-RCTText: 82562208357b11285ffa8d7b33a9d769612a8101
  React-RCTVibration: 372a12b697a170aaee792f8a9999c40e1f2692d0
  React-rncore: d1ccbd5adaf4a67703790838b7c62f140e72d32a
  React-runtimeexecutor: d4f7ff5073fcf87e14dbf89541d434218630246e
  React-runtimescheduler: 06b060b5b022f4cdb6bd9fd3405396372179cd9b
  React-utils: e50991349b1b749744f35ff93d943343886deb24
  ReactCommon: 394d4d2b27d88bb8ae15fa7f864a4a7525f467f0
  RNCAsyncStorage: bcf77a018826d6affe62ff0b5526e60de29f78da
  RNCCheckbox: 450ce156f3e29e25efa0315c96cfbabe5a39ded1
  RNCMaskedView: de80352547bd4f0d607bf6bab363d826822bd126
  RNDeviceInfo: 55dd986d234bf6d56469fb70a5a3ae972fc59330
  RNFastImage: 462a183c4b0b6b26fdfd639e1ed6ba37536c3b87
  RNFS: 89de7d7f4c0f6bafa05343c578f61118c8282ed8
  RNGestureHandler: 025e54543330650898436f429d9220ebf64d22f5
  RNKeychain: 3a8b12f0fdd0b967811a48d9e83d582fc2e483eb
  RNLocalize: 01b15a24a8f1856eeaeeb77f4179ccd88c117a73
  RNReanimated: 7a6c3992ad88c186fc5790d7dc3124a3e3d7bd43
  RNScreens: f1a2bc1890623ba12ff757d72e54d04af1cb7842
  RNScrypt: 3e8612600c93aaa3bfa7849b6d1a4ab61613e2af
  RNSentry: f2c6948497745dbe362800f91d328c59c3fbc5e7
  RNSVG: 51fc2eb4e3fc8056fa19c34101461fc26a4326f9
  SDWebImage: a7f831e1a65eb5e285e3fb046a23fcfbf08e696d
  SDWebImageWebPCoder: 908b83b6adda48effe7667cd2b7f78c897e5111d
  Sentry: f8374b5415bc38dfb5645941b3ae31230fbeae57
  SocketRocket: f32cd54efbe0f095c4d7594881e52619cfe80b17
  SSZipArchive: 62d4947b08730e4cda640473b0066d209ff033c9
  Yoga: 6f5ab94cd8b1ecd04b6e973d0bc583ede2a598cc
  ZXingObjC: 8898711ab495761b2dbbdec76d90164a6d7e14c5

PODFILE CHECKSUM: 1b80cbddaba737f92135e95d5ff6a43d162ebc77

COCOAPODS: 1.16.2
